
Microsoft Visual Studio Solution File, Format Version 12.00
# Visual Studio Version 17
VisualStudioVersion = 17.8.34322.80
MinimumVisualStudioVersion = 10.0.40219.1
Project("{FAE04EC0-301F-11D3-BF4B-00C04F79EFBC}") = "FOrgePLayWebApi", "FOrgePLayWebApi\FOrgePLayWebApi.csproj", "{C8C1C924-0A3A-4F1E-BD7B-3A68FD6675F1}"
EndProject
Global
	GlobalSection(SolutionConfigurationPlatforms) = preSolution
		Debug|Any CPU = Debug|Any CPU
		Release|Any CPU = Release|Any CPU
	EndGlobalSection
	GlobalSection(ProjectConfigurationPlatforms) = postSolution
		{C8C1C924-0A3A-4F1E-BD7B-3A68FD6675F1}.Debug|Any CPU.ActiveCfg = Debug|Any CPU
		{C8C1C924-0A3A-4F1E-BD7B-3A68FD6675F1}.Debug|Any CPU.Build.0 = Debug|Any CPU
		{C8C1C924-0A3A-4F1E-BD7B-3A68FD6675F1}.Release|Any CPU.ActiveCfg = Release|Any CPU
		{C8C1C924-0A3A-4F1E-BD7B-3A68FD6675F1}.Release|Any CPU.Build.0 = Release|Any CPU
	EndGlobalSection
	GlobalSection(SolutionProperties) = preSolution
		HideSolutionNode = FALSE
	EndGlobalSection
	GlobalSection(ExtensibilityGlobals) = postSolution
		SolutionGuid = {6009020B-095D-4BB9-B5FC-6E76DF5645A5}
	EndGlobalSection
EndGlobal
